
Microsoft Visual Studio Solution File, Format Version 12.00
# Visual Studio Version 17
VisualStudioVersion = 17.5.33530.505
MinimumVisualStudioVersion = 10.0.40219.1
Project("{FAE04EC0-301F-11D3-BF4B-00C04F79EFBC}") = "MSL-Multiplatform", "MSL-Multiplatform\MSL-Multiplatform.csproj", "{306591F2-EEC7-4FE8-A694-052616A8C8A2}"
EndProject
Global
	GlobalSection(SolutionConfigurationPlatforms) = preSolution
		Debug|Any CPU = Debug|Any CPU
		Release|Any CPU = Release|Any CPU
	EndGlobalSection
	GlobalSection(ProjectConfigurationPlatforms) = postSolution
		{306591F2-EEC7-4FE8-A694-052616A8C8A2}.Debug|Any CPU.ActiveCfg = Debug|Any CPU
		{306591F2-EEC7-4FE8-A694-052616A8C8A2}.Debug|Any CPU.Build.0 = Debug|Any CPU
		{306591F2-EEC7-4FE8-A694-052616A8C8A2}.Release|Any CPU.ActiveCfg = Release|Any CPU
		{306591F2-EEC7-4FE8-A694-052616A8C8A2}.Release|Any CPU.Build.0 = Release|Any CPU
	EndGlobalSection
	GlobalSection(SolutionProperties) = preSolution
		HideSolutionNode = FALSE
	EndGlobalSection
	GlobalSection(ExtensibilityGlobals) = postSolution
		SolutionGuid = {D6912637-9F58-4836-8DFC-0EF0C3062931}
	EndGlobalSection
EndGlobal
